
Microsoft Visual Studio Solution File, Format Version 12.00
# Visual Studio Version 17
VisualStudioVersion = 17.8.34511.84
MinimumVisualStudioVersion = 10.0.40219.1
Project("{9A19103F-16F7-4668-BE54-9A1E7A4F7556}") = "ServerTest", "ServerTest\ServerTest.csproj", "{731328E9-1B37-42A9-B0FC-97212DACF54D}"
EndProject
Project("{9A19103F-16F7-4668-BE54-9A1E7A4F7556}") = "INILib", "..\ModBusTCP\INILib\INILib.csproj", "{24EBE18F-5536-4F32-BC88-F2B3B10DE055}"
EndProject
Project("{FAE04EC0-301F-11D3-BF4B-00C04F79EFBC}") = "ModbusServerTest", "WindowsFormsApp1\ModbusServerTest.csproj", "{E211F634-208D-42EF-B379-0D6F2E468222}"
EndProject
Project("{FAE04EC0-301F-11D3-BF4B-00C04F79EFBC}") = "INILib48", "INILib48\INILib48.csproj", "{9F1FC54A-AF3F-4C80-96F4-4D7D3C20A630}"
EndProject
Global
	GlobalSection(SolutionConfigurationPlatforms) = preSolution
		Debug|Any CPU = Debug|Any CPU
		Release|Any CPU = Release|Any CPU
	EndGlobalSection
	GlobalSection(ProjectConfigurationPlatforms) = postSolution
		{731328E9-1B37-42A9-B0FC-97212DACF54D}.Debug|Any CPU.ActiveCfg = Debug|Any CPU
		{731328E9-1B37-42A9-B0FC-97212DACF54D}.Debug|Any CPU.Build.0 = Debug|Any CPU
		{731328E9-1B37-42A9-B0FC-97212DACF54D}.Release|Any CPU.ActiveCfg = Release|Any CPU
		{731328E9-1B37-42A9-B0FC-97212DACF54D}.Release|Any CPU.Build.0 = Release|Any CPU
		{24EBE18F-5536-4F32-BC88-F2B3B10DE055}.Debug|Any CPU.ActiveCfg = Debug|Any CPU
		{24EBE18F-5536-4F32-BC88-F2B3B10DE055}.Debug|Any CPU.Build.0 = Debug|Any CPU
		{24EBE18F-5536-4F32-BC88-F2B3B10DE055}.Release|Any CPU.ActiveCfg = Release|Any CPU
		{24EBE18F-5536-4F32-BC88-F2B3B10DE055}.Release|Any CPU.Build.0 = Release|Any CPU
		{E211F634-208D-42EF-B379-0D6F2E468222}.Debug|Any CPU.ActiveCfg = Debug|Any CPU
		{E211F634-208D-42EF-B379-0D6F2E468222}.Debug|Any CPU.Build.0 = Debug|Any CPU
		{E211F634-208D-42EF-B379-0D6F2E468222}.Release|Any CPU.ActiveCfg = Release|Any CPU
		{E211F634-208D-42EF-B379-0D6F2E468222}.Release|Any CPU.Build.0 = Release|Any CPU
		{9F1FC54A-AF3F-4C80-96F4-4D7D3C20A630}.Debug|Any CPU.ActiveCfg = Debug|Any CPU
		{9F1FC54A-AF3F-4C80-96F4-4D7D3C20A630}.Debug|Any CPU.Build.0 = Debug|Any CPU
		{9F1FC54A-AF3F-4C80-96F4-4D7D3C20A630}.Release|Any CPU.ActiveCfg = Release|Any CPU
		{9F1FC54A-AF3F-4C80-96F4-4D7D3C20A630}.Release|Any CPU.Build.0 = Release|Any CPU
	EndGlobalSection
	GlobalSection(SolutionProperties) = preSolution
		HideSolutionNode = FALSE
	EndGlobalSection
	GlobalSection(ExtensibilityGlobals) = postSolution
		SolutionGuid = {AA475D8A-9E1B-4389-A8B2-BEDE78882BDC}
	EndGlobalSection
EndGlobal
